
Microsoft Visual Studio Solution File, Format Version 12.00
# Visual Studio 15
VisualStudioVersion = 15.0.27004.2010
MinimumVisualStudioVersion = 10.0.40219.1
Project("{FAE04EC0-301F-11D3-BF4B-00C04F79EFBC}") = "Serenity_Space_Shell", "Serenity_Space_Shell\Serenity_Space_Shell.csproj", "{0D955E94-E847-49DA-B38C-D6F53F94E381}"
EndProject
Global
	GlobalSection(SolutionConfigurationPlatforms) = preSolution
		Debug|Any CPU = Debug|Any CPU
		Release|Any CPU = Release|Any CPU
	EndGlobalSection
	GlobalSection(ProjectConfigurationPlatforms) = postSolution
		{0D955E94-E847-49DA-B38C-D6F53F94E381}.Debug|Any CPU.ActiveCfg = Debug|Any CPU
		{0D955E94-E847-49DA-B38C-D6F53F94E381}.Debug|Any CPU.Build.0 = Debug|Any CPU
		{0D955E94-E847-49DA-B38C-D6F53F94E381}.Release|Any CPU.ActiveCfg = Release|Any CPU
		{0D955E94-E847-49DA-B38C-D6F53F94E381}.Release|Any CPU.Build.0 = Release|Any CPU
	EndGlobalSection
	GlobalSection(SolutionProperties) = preSolution
		HideSolutionNode = FALSE
	EndGlobalSection
	GlobalSection(ExtensibilityGlobals) = postSolution
		SolutionGuid = {DB5C9AA2-42AB-48E3-B98D-CF1BDBA27483}
	EndGlobalSection
EndGlobal
